{
    "name": "e2e",
    "version": "1.0.0",
    "lockfileVersion": 3,
    "requires": true,
    "packages": {
        "": {
            "name": "e2e",
            "version": "1.0.0",
            "license": "ISC",
            "dependencies": {
                "@paralleldrive/cuid2": "^2.2.1",
                "dotenv": "^16.3.1"
            },
            "devDependencies": {
                "@playwright/test": "^1.36.2",
                "@types/node": "^18.17.1"
            },
            "engines": {
                "node": "18.x"
            }
        },
        "node_modules/@noble/hashes": {
            "version": "1.3.1",
            "resolved": "https://registry.npmjs.org/@noble/hashes/-/hashes-1.3.1.tgz",
            "integrity": "sha512-EbqwksQwz9xDRGfDST86whPBgM65E0OH/pCgqW0GBVzO22bNE+NuIbeTb714+IfSjU3aRk47EUvXIb5bTsenKA==",
            "engines": {
                "node": ">= 16"
            },
            "funding": {
                "url": "https://paulmillr.com/funding/"
            }
        },
        "node_modules/@paralleldrive/cuid2": {
            "version": "2.2.1",
            "resolved": "https://registry.npmjs.org/@paralleldrive/cuid2/-/cuid2-2.2.1.tgz",
            "integrity": "sha512-GJhHYlMhyT2gWemDL7BGMWfTNhspJKkikLKh9wAy3z4GTTINvTYALkUd+eGQK7aLeVkVzPuSA0VCT3H5eEWbbw==",
            "dependencies": {
                "@noble/hashes": "^1.1.5"
            }
        },
        "node_modules/@playwright/test": {
            "version": "1.36.2",
            "resolved": "https://registry.npmjs.org/@playwright/test/-/test-1.36.2.tgz",
            "integrity": "sha512-2rVZeyPRjxfPH6J0oGJqE8YxiM1IBRyM8hyrXYK7eSiAqmbNhxwcLa7dZ7fy9Kj26V7FYia5fh9XJRq4Dqme+g==",
            "dev": true,
            "dependencies": {
                "@types/node": "*",
                "playwright-core": "1.36.2"
            },
            "bin": {
                "playwright": "cli.js"
            },
            "engines": {
                "node": ">=16"
            },
            "optionalDependencies": {
                "fsevents": "2.3.2"
            }
        },
        "node_modules/@types/node": {
            "version": "18.17.1",
            "resolved": "https://registry.npmjs.org/@types/node/-/node-18.17.1.tgz",
            "integrity": "sha512-xlR1jahfizdplZYRU59JlUx9uzF1ARa8jbhM11ccpCJya8kvos5jwdm2ZAgxSCwOl0fq21svP18EVwPBXMQudw==",
            "dev": true
        },
        "node_modules/dotenv": {
            "version": "16.3.1",
            "resolved": "https://registry.npmjs.org/dotenv/-/dotenv-16.3.1.tgz",
            "integrity": "sha512-IPzF4w4/Rd94bA9imS68tZBaYyBWSCE47V1RGuMrB94iyTOIEwRmVL2x/4An+6mETpLrKJ5hQkB8W4kFAadeIQ==",
            "engines": {
                "node": ">=12"
            },
            "funding": {
                "url": "https://github.com/motdotla/dotenv?sponsor=1"
            }
        },
        "node_modules/fsevents": {
            "version": "2.3.2",
            "resolved": "https://registry.npmjs.org/fsevents/-/fsevents-2.3.2.tgz",
            "integrity": "sha512-xiqMQR4xAeHTuB9uWm+fFRcIOgKBMiOBP+eXiyT7jsgVCq1bkVygt00oASowB7EdtpOHaaPgKt812P9ab+DDKA==",
            "dev": true,
            "hasInstallScript": true,
            "optional": true,
            "os": [
                "darwin"
            ],
            "engines": {
                "node": "^8.16.0 || ^10.6.0 || >=11.0.0"
            }
        },
        "node_modules/playwright-core": {
            "version": "1.36.2",
            "resolved": "https://registry.npmjs.org/playwright-core/-/playwright-core-1.36.2.tgz",
            "integrity": "sha512-sQYZt31dwkqxOrP7xy2ggDfEzUxM1lodjhsQ3NMMv5uGTRDsLxU0e4xf4wwMkF2gplIxf17QMBCodSFgm6bFVQ==",
            "dev": true,
            "bin": {
                "playwright-core": "cli.js"
            },
            "engines": {
                "node": ">=16"
            }
        }
    }
}
